
Microsoft Visual Studio Solution File, Format Version 12.00
# Visual Studio Version 17
VisualStudioVersion = 17.7.34221.43
MinimumVisualStudioVersion = 10.0.40219.1
Project("{9A19103F-16F7-4668-BE54-9A1E7A4F7556}") = "CodeFirstGrpc", "CodeFirstGrpc\CodeFirstGrpc.csproj", "{80AFBC11-E59D-428B-8756-A1F2B112A919}"
EndProject
Project("{FAE04EC0-301F-11D3-BF4B-00C04F79EFBC}") = "SharedContracts", "SharedContracts\SharedContracts.csproj", "{0E45C443-930C-48C1-8421-CEFCC8EDA1E3}"
EndProject
Project("{FAE04EC0-301F-11D3-BF4B-00C04F79EFBC}") = "Client", "Client\Client.csproj", "{55B0FC50-1CAA-447F-9039-0CC8BEBA9EFC}"
EndProject
Global
	GlobalSection(SolutionConfigurationPlatforms) = preSolution
		Debug|Any CPU = Debug|Any CPU
		Release|Any CPU = Release|Any CPU
	EndGlobalSection
	GlobalSection(ProjectConfigurationPlatforms) = postSolution
		{80AFBC11-E59D-428B-8756-A1F2B112A919}.Debug|Any CPU.ActiveCfg = Debug|Any CPU
		{80AFBC11-E59D-428B-8756-A1F2B112A919}.Debug|Any CPU.Build.0 = Debug|Any CPU
		{80AFBC11-E59D-428B-8756-A1F2B112A919}.Release|Any CPU.ActiveCfg = Release|Any CPU
		{80AFBC11-E59D-428B-8756-A1F2B112A919}.Release|Any CPU.Build.0 = Release|Any CPU
		{0E45C443-930C-48C1-8421-CEFCC8EDA1E3}.Debug|Any CPU.ActiveCfg = Debug|Any CPU
		{0E45C443-930C-48C1-8421-CEFCC8EDA1E3}.Debug|Any CPU.Build.0 = Debug|Any CPU
		{0E45C443-930C-48C1-8421-CEFCC8EDA1E3}.Release|Any CPU.ActiveCfg = Release|Any CPU
		{0E45C443-930C-48C1-8421-CEFCC8EDA1E3}.Release|Any CPU.Build.0 = Release|Any CPU
		{55B0FC50-1CAA-447F-9039-0CC8BEBA9EFC}.Debug|Any CPU.ActiveCfg = Debug|Any CPU
		{55B0FC50-1CAA-447F-9039-0CC8BEBA9EFC}.Debug|Any CPU.Build.0 = Debug|Any CPU
		{55B0FC50-1CAA-447F-9039-0CC8BEBA9EFC}.Release|Any CPU.ActiveCfg = Release|Any CPU
		{55B0FC50-1CAA-447F-9039-0CC8BEBA9EFC}.Release|Any CPU.Build.0 = Release|Any CPU
	EndGlobalSection
	GlobalSection(SolutionProperties) = preSolution
		HideSolutionNode = FALSE
	EndGlobalSection
	GlobalSection(ExtensibilityGlobals) = postSolution
		SolutionGuid = {F21A2E2C-47E4-4F7D-87A3-54F5A03BAC8D}
	EndGlobalSection
EndGlobal
